
Microsoft Visual Studio Solution File, Format Version 12.00
# Visual Studio Version 16
VisualStudioVersion = 16.0.29926.136
MinimumVisualStudioVersion = 10.0.40219.1
Project("{FAE04EC0-301F-11D3-BF4B-00C04F79EFBC}") = "Projeto_Pedido", "Projeto_Pedido\Projeto_Pedido.csproj", "{AB225438-C0EA-4A41-8C85-CAAE07A4C13D}"
EndProject
Global
	GlobalSection(SolutionConfigurationPlatforms) = preSolution
		Debug|Any CPU = Debug|Any CPU
		Release|Any CPU = Release|Any CPU
	EndGlobalSection
	GlobalSection(ProjectConfigurationPlatforms) = postSolution
		{AB225438-C0EA-4A41-8C85-CAAE07A4C13D}.Debug|Any CPU.ActiveCfg = Debug|Any CPU
		{AB225438-C0EA-4A41-8C85-CAAE07A4C13D}.Debug|Any CPU.Build.0 = Debug|Any CPU
		{AB225438-C0EA-4A41-8C85-CAAE07A4C13D}.Release|Any CPU.ActiveCfg = Release|Any CPU
		{AB225438-C0EA-4A41-8C85-CAAE07A4C13D}.Release|Any CPU.Build.0 = Release|Any CPU
	EndGlobalSection
	GlobalSection(SolutionProperties) = preSolution
		HideSolutionNode = FALSE
	EndGlobalSection
	GlobalSection(ExtensibilityGlobals) = postSolution
		SolutionGuid = {E3528D06-BFE2-40D4-BC3C-9E3A7C8AE584}
	EndGlobalSection
EndGlobal
