
Microsoft Visual Studio Solution File, Format Version 12.00
# Visual Studio Version 16
VisualStudioVersion = 16.0.29905.134
MinimumVisualStudioVersion = 10.0.40219.1
Project("{FAE04EC0-301F-11D3-BF4B-00C04F79EFBC}") = "AulaCS", "AulaCS\AulaCS.csproj", "{A924470A-27C1-410F-A3EF-DF4CE45F18DE}"
EndProject
Global
	GlobalSection(SolutionConfigurationPlatforms) = preSolution
		Debug|Any CPU = Debug|Any CPU
		Release|Any CPU = Release|Any CPU
	EndGlobalSection
	GlobalSection(ProjectConfigurationPlatforms) = postSolution
		{A924470A-27C1-410F-A3EF-DF4CE45F18DE}.Debug|Any CPU.ActiveCfg = Debug|Any CPU
		{A924470A-27C1-410F-A3EF-DF4CE45F18DE}.Debug|Any CPU.Build.0 = Debug|Any CPU
		{A924470A-27C1-410F-A3EF-DF4CE45F18DE}.Release|Any CPU.ActiveCfg = Release|Any CPU
		{A924470A-27C1-410F-A3EF-DF4CE45F18DE}.Release|Any CPU.Build.0 = Release|Any CPU
	EndGlobalSection
	GlobalSection(SolutionProperties) = preSolution
		HideSolutionNode = FALSE
	EndGlobalSection
	GlobalSection(ExtensibilityGlobals) = postSolution
		SolutionGuid = {8B47FD95-DEE1-4EDE-8AE0-18C29EC6F838}
	EndGlobalSection
EndGlobal
