
Microsoft Visual Studio Solution File, Format Version 12.00
# Visual Studio Version 16
VisualStudioVersion = 16.0.29926.136
MinimumVisualStudioVersion = 10.0.40219.1
Project("{FAE04EC0-301F-11D3-BF4B-00C04F79EFBC}") = "cursoCSharp", "cursoCSharp\cursoCSharp.csproj", "{F5A4ED58-D661-4C3B-A95C-FC5A151CDFA3}"
EndProject
Global
	GlobalSection(SolutionConfigurationPlatforms) = preSolution
		Debug|Any CPU = Debug|Any CPU
		Release|Any CPU = Release|Any CPU
	EndGlobalSection
	GlobalSection(ProjectConfigurationPlatforms) = postSolution
		{F5A4ED58-D661-4C3B-A95C-FC5A151CDFA3}.Debug|Any CPU.ActiveCfg = Debug|Any CPU
		{F5A4ED58-D661-4C3B-A95C-FC5A151CDFA3}.Debug|Any CPU.Build.0 = Debug|Any CPU
		{F5A4ED58-D661-4C3B-A95C-FC5A151CDFA3}.Release|Any CPU.ActiveCfg = Release|Any CPU
		{F5A4ED58-D661-4C3B-A95C-FC5A151CDFA3}.Release|Any CPU.Build.0 = Release|Any CPU
	EndGlobalSection
	GlobalSection(SolutionProperties) = preSolution
		HideSolutionNode = FALSE
	EndGlobalSection
	GlobalSection(ExtensibilityGlobals) = postSolution
		SolutionGuid = {E209A6F4-CA26-427E-8057-160A44587AE9}
	EndGlobalSection
EndGlobal
