
Microsoft Visual Studio Solution File, Format Version 12.00
# Visual Studio Version 16
VisualStudioVersion = 16.0.29926.136
MinimumVisualStudioVersion = 10.0.40219.1
Project("{FAE04EC0-301F-11D3-BF4B-00C04F79EFBC}") = "Polimorfismo", "Polimorfismo\Polimorfismo.csproj", "{A919D06E-D217-4053-A722-B9ACF8FD5E9C}"
EndProject
Global
	GlobalSection(SolutionConfigurationPlatforms) = preSolution
		Debug|Any CPU = Debug|Any CPU
		Release|Any CPU = Release|Any CPU
	EndGlobalSection
	GlobalSection(ProjectConfigurationPlatforms) = postSolution
		{A919D06E-D217-4053-A722-B9ACF8FD5E9C}.Debug|Any CPU.ActiveCfg = Debug|Any CPU
		{A919D06E-D217-4053-A722-B9ACF8FD5E9C}.Debug|Any CPU.Build.0 = Debug|Any CPU
		{A919D06E-D217-4053-A722-B9ACF8FD5E9C}.Release|Any CPU.ActiveCfg = Release|Any CPU
		{A919D06E-D217-4053-A722-B9ACF8FD5E9C}.Release|Any CPU.Build.0 = Release|Any CPU
	EndGlobalSection
	GlobalSection(SolutionProperties) = preSolution
		HideSolutionNode = FALSE
	EndGlobalSection
	GlobalSection(ExtensibilityGlobals) = postSolution
		SolutionGuid = {026D9DF0-FD42-4277-8C48-C22234C1B0FE}
	EndGlobalSection
EndGlobal
