
Microsoft Visual Studio Solution File, Format Version 12.00
# Visual Studio Version 16
VisualStudioVersion = 16.0.29926.136
MinimumVisualStudioVersion = 10.0.40219.1
Project("{FAE04EC0-301F-11D3-BF4B-00C04F79EFBC}") = "ConsoleApp2", "ConsoleApp2\ConsoleApp2.csproj", "{0F5AE7D6-2202-4238-90EE-B5FAA83A9373}"
EndProject
Global
	GlobalSection(SolutionConfigurationPlatforms) = preSolution
		Debug|Any CPU = Debug|Any CPU
		Release|Any CPU = Release|Any CPU
	EndGlobalSection
	GlobalSection(ProjectConfigurationPlatforms) = postSolution
		{0F5AE7D6-2202-4238-90EE-B5FAA83A9373}.Debug|Any CPU.ActiveCfg = Debug|Any CPU
		{0F5AE7D6-2202-4238-90EE-B5FAA83A9373}.Debug|Any CPU.Build.0 = Debug|Any CPU
		{0F5AE7D6-2202-4238-90EE-B5FAA83A9373}.Release|Any CPU.ActiveCfg = Release|Any CPU
		{0F5AE7D6-2202-4238-90EE-B5FAA83A9373}.Release|Any CPU.Build.0 = Release|Any CPU
	EndGlobalSection
	GlobalSection(SolutionProperties) = preSolution
		HideSolutionNode = FALSE
	EndGlobalSection
	GlobalSection(ExtensibilityGlobals) = postSolution
		SolutionGuid = {3FDCC8A1-83B3-4D65-8C6E-D6BDD5D555BF}
	EndGlobalSection
EndGlobal
